// !$*UTF8*$!
{
	archiveVersion = 1;
	classes = {
	};
	objectVersion = 46;
	objects = {

/* Begin PBXBuildFile section */
		6BB51F851EA72213006BE306 /* AppDelegate.swift in Sources */ = {isa = PBXBuildFile; fileRef = 6BB51F841EA72213006BE306 /* AppDelegate.swift */; };
		6BB51F871EA72213006BE306 /* ViewController.swift in Sources */ = {isa = PBXBuildFile; fileRef = 6BB51F861EA72213006BE306 /* ViewController.swift */; };
		6BB51F8A1EA72213006BE306 /* Main.storyboard in Resources */ = {isa = PBXBuildFile; fileRef = 6BB51F881EA72213006BE306 /* Main.storyboard */; };
		6BB51F8C1EA72213006BE306 /* Assets.xcassets in Resources */ = {isa = PBXBuildFile; fileRef = 6BB51F8B1EA72213006BE306 /* Assets.xcassets */; };
		6BB51F8F1EA72213006BE306 /* LaunchScreen.storyboard in Resources */ = {isa = PBXBuildFile; fileRef = 6BB51F8D1EA72213006BE306 /* LaunchScreen.storyboard */; };
		6BB51F9A1EA72213006BE306 /* Hamburger_MenuTests.swift in Sources */ = {isa = PBXBuildFile; fileRef = 6BB51F991EA72213006BE306 /* Hamburger_MenuTests.swift */; };
		6BB51FA51EA72213006BE306 /* Hamburger_MenuUITests.swift in Sources */ = {isa = PBXBuildFile; fileRef = 6BB51FA41EA72213006BE306 /* Hamburger_MenuUITests.swift */; };
/* End PBXBuildFile section */

/* Begin PBXContainerItemProxy section */
		6BB51F961EA72213006BE306 /* PBXContainerItemProxy */ = {
			isa = PBXContainerItemProxy;
			containerPortal = 6BB51F791EA72213006BE306 /* Project object */;
			proxyType = 1;
			remoteGlobalIDString = 6BB51F801EA72213006BE306;
			remoteInfo = "Hamburger Menu";
		};
		6BB51FA11EA72213006BE306 /* PBXContainerItemProxy */ = {
			isa = PBXContainerItemProxy;
			containerPortal = 6BB51F791EA72213006BE306 /* Project object */;
			proxyType = 1;
			remoteGlobalIDString = 6BB51F801EA72213006BE306;
			remoteInfo = "Hamburger Menu";
		};
/* End PBXContainerItemProxy section */

/* Begin PBXFileReference section */
		6BB51F811EA72213006BE306 /* Hamburger Menu.app */ = {isa = PBXFileReference; explicitFileType = wrapper.application; includeInIndex = 0; path = "Hamburger Menu.app"; sourceTree = BUILT_PRODUCTS_DIR; };
		6BB51F841EA72213006BE306 /* AppDelegate.swift */ = {isa = PBXFileReference; lastKnownFileType = sourcecode.swift; path = AppDelegate.swift; sourceTree = "<group>"; };
		6BB51F861EA72213006BE306 /* ViewController.swift */ = {isa = PBXFileReference; lastKnownFileType = sourcecode.swift; path = ViewController.swift; sourceTree = "<group>"; };
		6BB51F891EA72213006BE306 /* Base */ = {isa = PBXFileReference; lastKnownFileType = file.storyboard; name = Base; path = Base.lproj/Main.storyboard; sourceTree = "<group>"; };
		6BB51F8B1EA72213006BE306 /* Assets.xcassets */ = {isa = PBXFileReference; lastKnownFileType = folder.assetcatalog; path = Assets.xcassets; sourceTree = "<group>"; };
		6BB51F8E1EA72213006BE306 /* Base */ = {isa = PBXFileReference; lastKnownFileType = file.storyboard; name = Base; path = Base.lproj/LaunchScreen.storyboard; sourceTree = "<group>"; };
		6BB51F901EA72213006BE306 /* Info.plist */ = {isa = PBXFileReference; lastKnownFileType = text.plist.xml; path = Info.plist; sourceTree = "<group>"; };
		6BB51F951EA72213006BE306 /* Hamburger MenuTests.xctest */ = {isa = PBXFileReference; explicitFileType = wrapper.cfbundle; includeInIndex = 0; path = "Hamburger MenuTests.xctest"; sourceTree = BUILT_PRODUCTS_DIR; };
		6BB51F991EA72213006BE306 /* Hamburger_MenuTests.swift */ = {isa = PBXFileReference; lastKnownFileType = sourcecode.swift; path = Hamburger_MenuTests.swift; sourceTree = "<group>"; };
		6BB51F9B1EA72213006BE306 /* Info.plist */ = {isa = PBXFileReference; lastKnownFileType = text.plist.xml; path = Info.plist; sourceTree = "<group>"; };
		6BB51FA01EA72213006BE306 /* Hamburger MenuUITests.xctest */ = {isa = PBXFileReference; explicitFileType = wrapper.cfbundle; includeInIndex = 0; path = "Hamburger MenuUITests.xctest"; sourceTree = BUILT_PRODUCTS_DIR; };
		6BB51FA41EA72213006BE306 /* Hamburger_MenuUITests.swift */ = {isa = PBXFileReference; lastKnownFileType = sourcecode.swift; path = Hamburger_MenuUITests.swift; sourceTree = "<group>"; };
		6BB51FA61EA72213006BE306 /* Info.plist */ = {isa = PBXFileReference; lastKnownFileType = text.plist.xml; path = Info.plist; sourceTree = "<group>"; };
/* End PBXFileReference section */

/* Begin PBXFrameworksBuildPhase section */
		6BB51F7E1EA72213006BE306 /* Frameworks */ = {
			isa = PBXFrameworksBuildPhase;
			buildActionMask = 2147483647;
			files = (
			);
			runOnlyForDeploymentPostprocessing = 0;
		};
		6BB51F921EA72213006BE306 /* Frameworks */ = {
			isa = PBXFrameworksBuildPhase;
			buildActionMask = 2147483647;
			files = (
			);
			runOnlyForDeploymentPostprocessing = 0;
		};
		6BB51F9D1EA72213006BE306 /* Frameworks */ = {
			isa = PBXFrameworksBuildPhase;
			buildActionMask = 2147483647;
			files = (
			);
			runOnlyForDeploymentPostprocessing = 0;
		};
/* End PBXFrameworksBuildPhase section */

/* Begin PBXGroup section */
		6BB51F781EA72213006BE306 = {
			isa = PBXGroup;
			children = (
				6BB51F831EA72213006BE306 /* Hamburger Menu */,
				6BB51F981EA72213006BE306 /* Hamburger MenuTests */,
				6BB51FA31EA72213006BE306 /* Hamburger MenuUITests */,
				6BB51F821EA72213006BE306 /* Products */,
			);
			sourceTree = "<group>";
		};
		6BB51F821EA72213006BE306 /* Products */ = {
			isa = PBXGroup;
			children = (
				6BB51F811EA72213006BE306 /* Hamburger Menu.app */,
				6BB51F951EA72213006BE306 /* Hamburger MenuTests.xctest */,
				6BB51FA01EA72213006BE306 /* Hamburger MenuUITests.xctest */,
			);
			name = Products;
			sourceTree = "<group>";
		};
		6BB51F831EA72213006BE306 /* Hamburger Menu */ = {
			isa = PBXGroup;
			children = (
				6BB51F841EA72213006BE306 /* AppDelegate.swift */,
				6BB51F861EA72213006BE306 /* ViewController.swift */,
				6BB51F881EA72213006BE306 /* Main.storyboard */,
				6BB51F8B1EA72213006BE306 /* Assets.xcassets */,
				6BB51F8D1EA72213006BE306 /* LaunchScreen.storyboard */,
				6BB51F901EA72213006BE306 /* Info.plist */,
			);
			path = "Hamburger Menu";
			sourceTree = "<group>";
		};
		6BB51F981EA72213006BE306 /* Hamburger MenuTests */ = {
			isa = PBXGroup;
			children = (
				6BB51F991EA72213006BE306 /* Hamburger_MenuTests.swift */,
				6BB51F9B1EA72213006BE306 /* Info.plist */,
			);
			path = "Hamburger MenuTests";
			sourceTree = "<group>";
		};
		6BB51FA31EA72213006BE306 /* Hamburger MenuUITests */ = {
			isa = PBXGroup;
			children = (
				6BB51FA41EA72213006BE306 /* Hamburger_MenuUITests.swift */,
				6BB51FA61EA72213006BE306 /* Info.plist */,
			);
			path = "Hamburger MenuUITests";
			sourceTree = "<group>";
		};
/* End PBXGroup section */

/* Begin PBXNativeTarget section */
		6BB51F801EA72213006BE306 /* Hamburger Menu */ = {
			isa = PBXNativeTarget;
			buildConfigurationList = 6BB51FA91EA72213006BE306 /* Build configuration list for PBXNativeTarget "Hamburger Menu" */;
			buildPhases = (
				6BB51F7D1EA72213006BE306 /* Sources */,
				6BB51F7E1EA72213006BE306 /* Frameworks */,
				6BB51F7F1EA72213006BE306 /* Resources */,
			);
			buildRules = (
			);
			dependencies = (
			);
			name = "Hamburger Menu";
			productName = "Hamburger Menu";
			productReference = 6BB51F811EA72213006BE306 /* Hamburger Menu.app */;
			productType = "com.apple.product-type.application";
		};
		6BB51F941EA72213006BE306 /* Hamburger MenuTests */ = {
			isa = PBXNativeTarget;
			buildConfigurationList = 6BB51FAC1EA72213006BE306 /* Build configuration list for PBXNativeTarget "Hamburger MenuTests" */;
			buildPhases = (
				6BB51F911EA72213006BE306 /* Sources */,
				6BB51F921EA72213006BE306 /* Frameworks */,
				6BB51F931EA72213006BE306 /* Resources */,
			);
			buildRules = (
			);
			dependencies = (
				6BB51F971EA72213006BE306 /* PBXTargetDependency */,
			);
			name = "Hamburger MenuTests";
			productName = "Hamburger MenuTests";
			productReference = 6BB51F951EA72213006BE306 /* Hamburger MenuTests.xctest */;
			productType = "com.apple.product-type.bundle.unit-test";
		};
		6BB51F9F1EA72213006BE306 /* Hamburger MenuUITests */ = {
			isa = PBXNativeTarget;
			buildConfigurationList = 6BB51FAF1EA72213006BE306 /* Build configuration list for PBXNativeTarget "Hamburger MenuUITests" */;
			buildPhases = (
				6BB51F9C1EA72213006BE306 /* Sources */,
				6BB51F9D1EA72213006BE306 /* Frameworks */,
				6BB51F9E1EA72213006BE306 /* Resources */,
			);
			buildRules = (
			);
			dependencies = (
				6BB51FA21EA72213006BE306 /* PBXTargetDependency */,
			);
			name = "Hamburger MenuUITests";
			productName = "Hamburger MenuUITests";
			productReference = 6BB51FA01EA72213006BE306 /* Hamburger MenuUITests.xctest */;
			productType = "com.apple.product-type.bundle.ui-testing";
		};
/* End PBXNativeTarget section */

/* Begin PBXProject section */
		6BB51F791EA72213006BE306 /* Project object */ = {
			isa = PBXProject;
			attributes = {
				LastSwiftUpdateCheck = 0830;
				LastUpgradeCheck = 0830;
				ORGANIZATIONNAME = "Krishna Alex";
				TargetAttributes = {
					6BB51F801EA72213006BE306 = {
						CreatedOnToolsVersion = 8.3.1;
						ProvisioningStyle = Automatic;
					};
					6BB51F941EA72213006BE306 = {
						CreatedOnToolsVersion = 8.3.1;
						ProvisioningStyle = Automatic;
						TestTargetID = 6BB51F801EA72213006BE306;
					};
					6BB51F9F1EA72213006BE306 = {
						CreatedOnToolsVersion = 8.3.1;
						ProvisioningStyle = Automatic;
						TestTargetID = 6BB51F801EA72213006BE306;
					};
				};
			};
			buildConfigurationList = 6BB51F7C1EA72213006BE306 /* Build configuration list for PBXProject "Hamburger Menu" */;
			compatibilityVersion = "Xcode 3.2";
			developmentRegion = English;
			hasScannedForEncodings = 0;
			knownRegions = (
				en,
				Base,
			);
			mainGroup = 6BB51F781EA72213006BE306;
			productRefGroup = 6BB51F821EA72213006BE306 /* Products */;
			projectDirPath = "";
			projectRoot = "";
			targets = (
				6BB51F801EA72213006BE306 /* Hamburger Menu */,
				6BB51F941EA72213006BE306 /* Hamburger MenuTests */,
				6BB51F9F1EA72213006BE306 /* Hamburger MenuUITests */,
			);
		};
/* End PBXProject section */

/* Begin PBXResourcesBuildPhase section */
		6BB51F7F1EA72213006BE306 /* Resources */ = {
			isa = PBXResourcesBuildPhase;
			buildActionMask = 2147483647;
			files = (
				6BB51F8F1EA72213006BE306 /* LaunchScreen.storyboard in Resources */,
				6BB51F8C1EA72213006BE306 /* Assets.xcassets in Resources */,
				6BB51F8A1EA72213006BE306 /* Main.storyboard in Resources */,
			);
			runOnlyForDeploymentPostprocessing = 0;
		};
		6BB51F931EA72213006BE306 /* Resources */ = {
			isa = PBXResourcesBuildPhase;
			buildActionMask = 2147483647;
			files = (
			);
			runOnlyForDeploymentPostprocessing = 0;
		};
		6BB51F9E1EA72213006BE306 /* Resources */ = {
			isa = PBXResourcesBuildPhase;
			buildActionMask = 2147483647;
			files = (
			);
			runOnlyForDeploymentPostprocessing = 0;
		};
/* End PBXResourcesBuildPhase section */

/* Begin PBXSourcesBuildPhase section */
		6BB51F7D1EA72213006BE306 /* Sources */ = {
			isa = PBXSourcesBuildPhase;
			buildActionMask = 2147483647;
			files = (
				6BB51F871EA72213006BE306 /* ViewController.swift in Sources */,
				6BB51F851EA72213006BE306 /* AppDelegate.swift in Sources */,
			);
			runOnlyForDeploymentPostprocessing = 0;
		};
		6BB51F911EA72213006BE306 /* Sources */ = {
			isa = PBXSourcesBuildPhase;
			buildActionMask = 2147483647;
			files = (
				6BB51F9A1EA72213006BE306 /* Hamburger_MenuTests.swift in Sources */,
			);
			runOnlyForDeploymentPostprocessing = 0;
		};
		6BB51F9C1EA72213006BE306 /* Sources */ = {
			isa = PBXSourcesBuildPhase;
			buildActionMask = 2147483647;
			files = (
				6BB51FA51EA72213006BE306 /* Hamburger_MenuUITests.swift in Sources */,
			);
			runOnlyForDeploymentPostprocessing = 0;
		};
/* End PBXSourcesBuildPhase section */

/* Begin PBXTargetDependency section */
		6BB51F971EA72213006BE306 /* PBXTargetDependency */ = {
			isa = PBXTargetDependency;
			target = 6BB51F801EA72213006BE306 /* Hamburger Menu */;
			targetProxy = 6BB51F961EA72213006BE306 /* PBXContainerItemProxy */;
		};
		6BB51FA21EA72213006BE306 /* PBXTargetDependency */ = {
			isa = PBXTargetDependency;
			target = 6BB51F801EA72213006BE306 /* Hamburger Menu */;
			targetProxy = 6BB51FA11EA72213006BE306 /* PBXContainerItemProxy */;
		};
/* End PBXTargetDependency section */

/* Begin PBXVariantGroup section */
		6BB51F881EA72213006BE306 /* Main.storyboard */ = {
			isa = PBXVariantGroup;
			children = (
				6BB51F891EA72213006BE306 /* Base */,
			);
			name = Main.storyboard;
			sourceTree = "<group>";
		};
		6BB51F8D1EA72213006BE306 /* LaunchScreen.storyboard */ = {
			isa = PBXVariantGroup;
			children = (
				6BB51F8E1EA72213006BE306 /* Base */,
			);
			name = LaunchScreen.storyboard;
			sourceTree = "<group>";
		};
/* End PBXVariantGroup section */

/* Begin XCBuildConfiguration section */
		6BB51FA71EA72213006BE306 /* Debug */ = {
			isa = XCBuildConfiguration;
			buildSettings = {
				ALWAYS_SEARCH_USER_PATHS = NO;
				CLANG_ANALYZER_NONNULL = YES;
				CLANG_ANALYZER_NUMBER_OBJECT_CONVERSION = YES_AGGRESSIVE;
				CLANG_CXX_LANGUAGE_STANDARD = "gnu++0x";
				CLANG_CXX_LIBRARY = "libc++";
				CLANG_ENABLE_MODULES = YES;
				CLANG_ENABLE_OBJC_ARC = YES;
				CLANG_WARN_BOOL_CONVERSION = YES;
				CLANG_WARN_CONSTANT_CONVERSION = YES;
				CLANG_WARN_DIRECT_OBJC_ISA_USAGE = YES_ERROR;
				CLANG_WARN_DOCUMENTATION_COMMENTS = YES;
				CLANG_WARN_EMPTY_BODY = YES;
				CLANG_WARN_ENUM_CONVERSION = YES;
				CLANG_WARN_INFINITE_RECURSION = YES;
				CLANG_WARN_INT_CONVERSION = YES;
				CLANG_WARN_OBJC_ROOT_CLASS = YES_ERROR;
				CLANG_WARN_SUSPICIOUS_MOVE = YES;
				CLANG_WARN_UNREACHABLE_CODE = YES;
				CLANG_WARN__DUPLICATE_METHOD_MATCH = YES;
				"CODE_SIGN_IDENTITY[sdk=iphoneos*]" = "iPhone Developer";
				COPY_PHASE_STRIP = NO;
				DEBUG_INFORMATION_FORMAT = dwarf;
				ENABLE_STRICT_OBJC_MSGSEND = YES;
				ENABLE_TESTABILITY = YES;
				GCC_C_LANGUAGE_STANDARD = gnu99;
				GCC_DYNAMIC_NO_PIC = NO;
				GCC_NO_COMMON_BLOCKS = YES;
				GCC_OPTIMIZATION_LEVEL = 0;
				GCC_PREPROCESSOR_DEFINITIONS = (
					"DEBUG=1",
					"$(inherited)",
				);
				GCC_WARN_64_TO_32_BIT_CONVERSION = YES;
				GCC_WARN_ABOUT_RETURN_TYPE = YES_ERROR;
				GCC_WARN_UNDECLARED_SELECTOR = YES;
				GCC_WARN_UNINITIALIZED_AUTOS = YES_AGGRESSIVE;
				GCC_WARN_UNUSED_FUNCTION = YES;
				GCC_WARN_UNUSED_VARIABLE = YES;
				IPHONEOS_DEPLOYMENT_TARGET = 10.3;
				MTL_ENABLE_DEBUG_INFO = YES;
				ONLY_ACTIVE_ARCH = YES;
				SDKROOT = iphoneos;
				SWIFT_ACTIVE_COMPILATION_CONDITIONS = DEBUG;
				SWIFT_OPTIMIZATION_LEVEL = "-Onone";
			};
			name = Debug;
		};
		6BB51FA81EA72213006BE306 /* Release */ = {
			isa = XCBuildConfiguration;
			buildSettings = {
				ALWAYS_SEARCH_USER_PATHS = NO;
				CLANG_ANALYZER_NONNULL = YES;
				CLANG_ANALYZER_NUMBER_OBJECT_CONVERSION = YES_AGGRESSIVE;
				CLANG_CXX_LANGUAGE_STANDARD = "gnu++0x";
				CLANG_CXX_LIBRARY = "libc++";
				CLANG_ENABLE_MODULES = YES;
				CLANG_ENABLE_OBJC_ARC = YES;
				CLANG_WARN_BOOL_CONVERSION = YES;
				CLANG_WARN_CONSTANT_CONVERSION = YES;
				CLANG_WARN_DIRECT_OBJC_ISA_USAGE = YES_ERROR;
				CLANG_WARN_DOCUMENTATION_COMMENTS = YES;
				CLANG_WARN_EMPTY_BODY = YES;
				CLANG_WARN_ENUM_CONVERSION = YES;
				CLANG_WARN_INFINITE_RECURSION = YES;
				CLANG_WARN_INT_CONVERSION = YES;
				CLANG_WARN_OBJC_ROOT_CLASS = YES_ERROR;
				CLANG_WARN_SUSPICIOUS_MOVE = YES;
				CLANG_WARN_UNREACHABLE_CODE = YES;
				CLANG_WARN__DUPLICATE_METHOD_MATCH = YES;
				"CODE_SIGN_IDENTITY[sdk=iphoneos*]" = "iPhone Developer";
				COPY_PHASE_STRIP = NO;
				DEBUG_INFORMATION_FORMAT = "dwarf-with-dsym";
				ENABLE_NS_ASSERTIONS = NO;
				ENABLE_STRICT_OBJC_MSGSEND = YES;
				GCC_C_LANGUAGE_STANDARD = gnu99;
				GCC_NO_COMMON_BLOCKS = YES;
				GCC_WARN_64_TO_32_BIT_CONVERSION = YES;
				GCC_WARN_ABOUT_RETURN_TYPE = YES_ERROR;
				GCC_WARN_UNDECLARED_SELECTOR = YES;
				GCC_WARN_UNINITIALIZED_AUTOS = YES_AGGRESSIVE;
				GCC_WARN_UNUSED_FUNCTION = YES;
				GCC_WARN_UNUSED_VARIABLE = YES;
				IPHONEOS_DEPLOYMENT_TARGET = 10.3;
				MTL_ENABLE_DEBUG_INFO = NO;
				SDKROOT = iphoneos;
				SWIFT_OPTIMIZATION_LEVEL = "-Owholemodule";
				VALIDATE_PRODUCT = YES;
			};
			name = Release;
		};
		6BB51FAA1EA72213006BE306 /* Debug */ = {
			isa = XCBuildConfiguration;
			buildSettings = {
				ASSETCATALOG_COMPILER_APPICON_NAME = AppIcon;
				INFOPLIST_FILE = "Hamburger Menu/Info.plist";
				LD_RUNPATH_SEARCH_PATHS = "$(inherited) @executable_path/Frameworks";
				PRODUCT_BUNDLE_IDENTIFIER = "com.krishnaalex.Hamburger-Menu";
				PRODUCT_NAME = "$(TARGET_NAME)";
				SWIFT_VERSION = 3.0;
			};
			name = Debug;
		};
		6BB51FAB1EA72213006BE306 /* Release */ = {
			isa = XCBuildConfiguration;
			buildSettings = {
				ASSETCATALOG_COMPILER_APPICON_NAME = AppIcon;
				INFOPLIST_FILE = "Hamburger Menu/Info.plist";
				LD_RUNPATH_SEARCH_PATHS = "$(inherited) @executable_path/Frameworks";
				PRODUCT_BUNDLE_IDENTIFIER = "com.krishnaalex.Hamburger-Menu";
				PRODUCT_NAME = "$(TARGET_NAME)";
				SWIFT_VERSION = 3.0;
			};
			name = Release;
		};
		6BB51FAD1EA72213006BE306 /* Debug */ = {
			isa = XCBuildConfiguration;
			buildSettings = {
				ALWAYS_EMBED_SWIFT_STANDARD_LIBRARIES = YES;
				BUNDLE_LOADER = "$(TEST_HOST)";
				INFOPLIST_FILE = "Hamburger MenuTests/Info.plist";
				LD_RUNPATH_SEARCH_PATHS = "$(inherited) @executable_path/Frameworks @loader_path/Frameworks";
				PRODUCT_BUNDLE_IDENTIFIER = "com.krishnaalex.Hamburger-MenuTests";
				PRODUCT_NAME = "$(TARGET_NAME)";
				SWIFT_VERSION = 3.0;
				TEST_HOST = "$(BUILT_PRODUCTS_DIR)/Hamburger Menu.app/Hamburger Menu";
			};
			name = Debug;
		};
		6BB51FAE1EA72213006BE306 /* Release */ = {
			isa = XCBuildConfiguration;
			buildSettings = {
				ALWAYS_EMBED_SWIFT_STANDARD_LIBRARIES = YES;
				BUNDLE_LOADER = "$(TEST_HOST)";
				INFOPLIST_FILE = "Hamburger MenuTests/Info.plist";
				LD_RUNPATH_SEARCH_PATHS = "$(inherited) @executable_path/Frameworks @loader_path/Frameworks";
				PRODUCT_BUNDLE_IDENTIFIER = "com.krishnaalex.Hamburger-MenuTests";
				PRODUCT_NAME = "$(TARGET_NAME)";
				SWIFT_VERSION = 3.0;
				TEST_HOST = "$(BUILT_PRODUCTS_DIR)/Hamburger Menu.app/Hamburger Menu";
			};
			name = Release;
		};
		6BB51FB01EA72213006BE306 /* Debug */ = {
			isa = XCBuildConfiguration;
			buildSettings = {
				ALWAYS_EMBED_SWIFT_STANDARD_LIBRARIES = YES;
				INFOPLIST_FILE = "Hamburger MenuUITests/Info.plist";
				LD_RUNPATH_SEARCH_PATHS = "$(inherited) @executable_path/Frameworks @loader_path/Frameworks";
				PRODUCT_BUNDLE_IDENTIFIER = "com.krishnaalex.Hamburger-MenuUITests";
				PRODUCT_NAME = "$(TARGET_NAME)";
				SWIFT_VERSION = 3.0;
				TEST_TARGET_NAME = "Hamburger Menu";
			};
			name = Debug;
		};
		6BB51FB11EA72213006BE306 /* Release */ = {
			isa = XCBuildConfiguration;
			buildSettings = {
				ALWAYS_EMBED_SWIFT_STANDARD_LIBRARIES = YES;
				INFOPLIST_FILE = "Hamburger MenuUITests/Info.plist";
				LD_RUNPATH_SEARCH_PATHS = "$(inherited) @executable_path/Frameworks @loader_path/Frameworks";
				PRODUCT_BUNDLE_IDENTIFIER = "com.krishnaalex.Hamburger-MenuUITests";
				PRODUCT_NAME = "$(TARGET_NAME)";
				SWIFT_VERSION = 3.0;
				TEST_TARGET_NAME = "Hamburger Menu";
			};
			name = Release;
		};
/* End XCBuildConfiguration section */

/* Begin XCConfigurationList section */
		6BB51F7C1EA72213006BE306 /* Build configuration list for PBXProject "Hamburger Menu" */ = {
			isa = XCConfigurationList;
			buildConfigurations = (
				6BB51FA71EA72213006BE306 /* Debug */,
				6BB51FA81EA72213006BE306 /* Release */,
			);
			defaultConfigurationIsVisible = 0;
			defaultConfigurationName = Release;
		};
		6BB51FA91EA72213006BE306 /* Build configuration list for PBXNativeTarget "Hamburger Menu" */ = {
			isa = XCConfigurationList;
			buildConfigurations = (
				6BB51FAA1EA72213006BE306 /* Debug */,
				6BB51FAB1EA72213006BE306 /* Release */,
			);
			defaultConfigurationIsVisible = 0;
		};
		6BB51FAC1EA72213006BE306 /* Build configuration list for PBXNativeTarget "Hamburger MenuTests" */ = {
			isa = XCConfigurationList;
			buildConfigurations = (
				6BB51FAD1EA72213006BE306 /* Debug */,
				6BB51FAE1EA72213006BE306 /* Release */,
			);
			defaultConfigurationIsVisible = 0;
		};
		6BB51FAF1EA72213006BE306 /* Build configuration list for PBXNativeTarget "Hamburger MenuUITests" */ = {
			isa = XCConfigurationList;
			buildConfigurations = (
				6BB51FB01EA72213006BE306 /* Debug */,
				6BB51FB11EA72213006BE306 /* Release */,
			);
			defaultConfigurationIsVisible = 0;
		};
/* End XCConfigurationList section */
	};
	rootObject = 6BB51F791EA72213006BE306 /* Project object */;
}
